// !$*UTF8*$!
{
	archiveVersion = 1;
	classes = {
	};
	objectVersion = 50;
	objects = {

/* Begin PBXBuildFile section */
		E1999A61237B6B9600B5B227 /* AppDelegate.swift in Sources */ = {isa = PBXBuildFile; fileRef = E1999A60237B6B9600B5B227 /* AppDelegate.swift */; };
		E1999A63237B6B9600B5B227 /* SceneDelegate.swift in Sources */ = {isa = PBXBuildFile; fileRef = E1999A62237B6B9600B5B227 /* SceneDelegate.swift */; };
		E1999A65237B6B9600B5B227 /* ViewController.swift in Sources */ = {isa = PBXBuildFile; fileRef = E1999A64237B6B9600B5B227 /* ViewController.swift */; };
		E1999A68237B6B9600B5B227 /* Main.storyboard in Resources */ = {isa = PBXBuildFile; fileRef = E1999A66237B6B9600B5B227 /* Main.storyboard */; };
		E1999A6A237B6B9800B5B227 /* Assets.xcassets in Resources */ = {isa = PBXBuildFile; fileRef = E1999A69237B6B9800B5B227 /* Assets.xcassets */; };
		E1999A6D237B6B9800B5B227 /* LaunchScreen.storyboard in Resources */ = {isa = PBXBuildFile; fileRef = E1999A6B237B6B9800B5B227 /* LaunchScreen.storyboard */; };
/* End PBXBuildFile section */

/* Begin PBXFileReference section */
		E1999A5D237B6B9600B5B227 /* Project7 Whitehouse Petitions.app */ = {isa = PBXFileReference; explicitFileType = wrapper.application; includeInIndex = 0; path = "Project7 Whitehouse Petitions.app"; sourceTree = BUILT_PRODUCTS_DIR; };
		E1999A60237B6B9600B5B227 /* AppDelegate.swift */ = {isa = PBXFileReference; lastKnownFileType = sourcecode.swift; path = AppDelegate.swift; sourceTree = "<group>"; };
		E1999A62237B6B9600B5B227 /* SceneDelegate.swift */ = {isa = PBXFileReference; lastKnownFileType = sourcecode.swift; path = SceneDelegate.swift; sourceTree = "<group>"; };
		E1999A64237B6B9600B5B227 /* ViewController.swift */ = {isa = PBXFileReference; lastKnownFileType = sourcecode.swift; path = ViewController.swift; sourceTree = "<group>"; };
		E1999A67237B6B9600B5B227 /* Base */ = {isa = PBXFileReference; lastKnownFileType = file.storyboard; name = Base; path = Base.lproj/Main.storyboard; sourceTree = "<group>"; };
		E1999A69237B6B9800B5B227 /* Assets.xcassets */ = {isa = PBXFileReference; lastKnownFileType = folder.assetcatalog; path = Assets.xcassets; sourceTree = "<group>"; };
		E1999A6C237B6B9800B5B227 /* Base */ = {isa = PBXFileReference; lastKnownFileType = file.storyboard; name = Base; path = Base.lproj/LaunchScreen.storyboard; sourceTree = "<group>"; };
		E1999A6E237B6B9800B5B227 /* Info.plist */ = {isa = PBXFileReference; lastKnownFileType = text.plist.xml; path = Info.plist; sourceTree = "<group>"; };
/* End PBXFileReference section */

/* Begin PBXFrameworksBuildPhase section */
		E1999A5A237B6B9600B5B227 /* Frameworks */ = {
			isa = PBXFrameworksBuildPhase;
			buildActionMask = 2147483647;
			files = (
			);
			runOnlyForDeploymentPostprocessing = 0;
		};
/* End PBXFrameworksBuildPhase section */

/* Begin PBXGroup section */
		E1999A54237B6B9600B5B227 = {
			isa = PBXGroup;
			children = (
				E1999A5F237B6B9600B5B227 /* Project7 Whitehouse Petitions */,
				E1999A5E237B6B9600B5B227 /* Products */,
			);
			sourceTree = "<group>";
		};
		E1999A5E237B6B9600B5B227 /* Products */ = {
			isa = PBXGroup;
			children = (
				E1999A5D237B6B9600B5B227 /* Project7 Whitehouse Petitions.app */,
			);
			name = Products;
			sourceTree = "<group>";
		};
		E1999A5F237B6B9600B5B227 /* Project7 Whitehouse Petitions */ = {
			isa = PBXGroup;
			children = (
				E1999A60237B6B9600B5B227 /* AppDelegate.swift */,
				E1999A62237B6B9600B5B227 /* SceneDelegate.swift */,
				E1999A64237B6B9600B5B227 /* ViewController.swift */,
				E1999A66237B6B9600B5B227 /* Main.storyboard */,
				E1999A69237B6B9800B5B227 /* Assets.xcassets */,
				E1999A6B237B6B9800B5B227 /* LaunchScreen.storyboard */,
				E1999A6E237B6B9800B5B227 /* Info.plist */,
			);
			path = "Project7 Whitehouse Petitions";
			sourceTree = "<group>";
		};
/* End PBXGroup section */

/* Begin PBXNativeTarget section */
		E1999A5C237B6B9600B5B227 /* Project7 Whitehouse Petitions */ = {
			isa = PBXNativeTarget;
			buildConfigurationList = E1999A71237B6B9800B5B227 /* Build configuration list for PBXNativeTarget "Project7 Whitehouse Petitions" */;
			buildPhases = (
				E1999A59237B6B9600B5B227 /* Sources */,
				E1999A5A237B6B9600B5B227 /* Frameworks */,
				E1999A5B237B6B9600B5B227 /* Resources */,
			);
			buildRules = (
			);
			dependencies = (
			);
			name = "Project7 Whitehouse Petitions";
			productName = "Project7 Whitehouse Petitions";
			productReference = E1999A5D237B6B9600B5B227 /* Project7 Whitehouse Petitions.app */;
			productType = "com.apple.product-type.application";
		};
/* End PBXNativeTarget section */

/* Begin PBXProject section */
		E1999A55237B6B9600B5B227 /* Project object */ = {
			isa = PBXProject;
			attributes = {
				LastSwiftUpdateCheck = 1120;
				LastUpgradeCheck = 1120;
				ORGANIZATIONNAME = "Jason Pinlac";
				TargetAttributes = {
					E1999A5C237B6B9600B5B227 = {
						CreatedOnToolsVersion = 11.2;
					};
				};
			};
			buildConfigurationList = E1999A58237B6B9600B5B227 /* Build configuration list for PBXProject "Project7 Whitehouse Petitions" */;
			compatibilityVersion = "Xcode 9.3";
			developmentRegion = en;
			hasScannedForEncodings = 0;
			knownRegions = (
				en,
				Base,
			);
			mainGroup = E1999A54237B6B9600B5B227;
			productRefGroup = E1999A5E237B6B9600B5B227 /* Products */;
			projectDirPath = "";
			projectRoot = "";
			targets = (
				E1999A5C237B6B9600B5B227 /* Project7 Whitehouse Petitions */,
			);
		};
/* End PBXProject section */

/* Begin PBXResourcesBuildPhase section */
		E1999A5B237B6B9600B5B227 /* Resources */ = {
			isa = PBXResourcesBuildPhase;
			buildActionMask = 2147483647;
			files = (
				E1999A6D237B6B9800B5B227 /* LaunchScreen.storyboard in Resources */,
				E1999A6A237B6B9800B5B227 /* Assets.xcassets in Resources */,
				E1999A68237B6B9600B5B227 /* Main.storyboard in Resources */,
			);
			runOnlyForDeploymentPostprocessing = 0;
		};
/* End PBXResourcesBuildPhase section */

/* Begin PBXSourcesBuildPhase section */
		E1999A59237B6B9600B5B227 /* Sources */ = {
			isa = PBXSourcesBuildPhase;
			buildActionMask = 2147483647;
			files = (
				E1999A65237B6B9600B5B227 /* ViewController.swift in Sources */,
				E1999A61237B6B9600B5B227 /* AppDelegate.swift in Sources */,
				E1999A63237B6B9600B5B227 /* SceneDelegate.swift in Sources */,
			);
			runOnlyForDeploymentPostprocessing = 0;
		};
/* End PBXSourcesBuildPhase section */

/* Begin PBXVariantGroup section */
		E1999A66237B6B9600B5B227 /* Main.storyboard */ = {
			isa = PBXVariantGroup;
			children = (
				E1999A67237B6B9600B5B227 /* Base */,
			);
			name = Main.storyboard;
			sourceTree = "<group>";
		};
		E1999A6B237B6B9800B5B227 /* LaunchScreen.storyboard */ = {
			isa = PBXVariantGroup;
			children = (
				E1999A6C237B6B9800B5B227 /* Base */,
			);
			name = LaunchScreen.storyboard;
			sourceTree = "<group>";
		};
/* End PBXVariantGroup section */

/* Begin XCBuildConfiguration section */
		E1999A6F237B6B9800B5B227 /* Debug */ = {
			isa = XCBuildConfiguration;
			buildSettings = {
				ALWAYS_SEARCH_USER_PATHS = NO;
				CLANG_ANALYZER_NONNULL = YES;
				CLANG_ANALYZER_NUMBER_OBJECT_CONVERSION = YES_AGGRESSIVE;
				CLANG_CXX_LANGUAGE_STANDARD = "gnu++14";
				CLANG_CXX_LIBRARY = "libc++";
				CLANG_ENABLE_MODULES = YES;
				CLANG_ENABLE_OBJC_ARC = YES;
				CLANG_ENABLE_OBJC_WEAK = YES;
				CLANG_WARN_BLOCK_CAPTURE_AUTORELEASING = YES;
				CLANG_WARN_BOOL_CONVERSION = YES;
				CLANG_WARN_COMMA = YES;
				CLANG_WARN_CONSTANT_CONVERSION = YES;
				CLANG_WARN_DEPRECATED_OBJC_IMPLEMENTATIONS = YES;
				CLANG_WARN_DIRECT_OBJC_ISA_USAGE = YES_ERROR;
				CLANG_WARN_DOCUMENTATION_COMMENTS = YES;
				CLANG_WARN_EMPTY_BODY = YES;
				CLANG_WARN_ENUM_CONVERSION = YES;
				CLANG_WARN_INFINITE_RECURSION = YES;
				CLANG_WARN_INT_CONVERSION = YES;
				CLANG_WARN_NON_LITERAL_NULL_CONVERSION = YES;
				CLANG_WARN_OBJC_IMPLICIT_RETAIN_SELF = YES;
				CLANG_WARN_OBJC_LITERAL_CONVERSION = YES;
				CLANG_WARN_OBJC_ROOT_CLASS = YES_ERROR;
				CLANG_WARN_RANGE_LOOP_ANALYSIS = YES;
				CLANG_WARN_STRICT_PROTOTYPES = YES;
				CLANG_WARN_SUSPICIOUS_MOVE = YES;
				CLANG_WARN_UNGUARDED_AVAILABILITY = YES_AGGRESSIVE;
				CLANG_WARN_UNREACHABLE_CODE = YES;
				CLANG_WARN__DUPLICATE_METHOD_MATCH = YES;
				COPY_PHASE_STRIP = NO;
				DEBUG_INFORMATION_FORMAT = dwarf;
				ENABLE_STRICT_OBJC_MSGSEND = YES;
				ENABLE_TESTABILITY = YES;
				GCC_C_LANGUAGE_STANDARD = gnu11;
				GCC_DYNAMIC_NO_PIC = NO;
				GCC_NO_COMMON_BLOCKS = YES;
				GCC_OPTIMIZATION_LEVEL = 0;
				GCC_PREPROCESSOR_DEFINITIONS = (
					"DEBUG=1",
					"$(inherited)",
				);
				GCC_WARN_64_TO_32_BIT_CONVERSION = YES;
				GCC_WARN_ABOUT_RETURN_TYPE = YES_ERROR;
				GCC_WARN_UNDECLARED_SELECTOR = YES;
				GCC_WARN_UNINITIALIZED_AUTOS = YES_AGGRESSIVE;
				GCC_WARN_UNUSED_FUNCTION = YES;
				GCC_WARN_UNUSED_VARIABLE = YES;
				IPHONEOS_DEPLOYMENT_TARGET = 13.2;
				MTL_ENABLE_DEBUG_INFO = INCLUDE_SOURCE;
				MTL_FAST_MATH = YES;
				ONLY_ACTIVE_ARCH = YES;
				SDKROOT = iphoneos;
				SWIFT_ACTIVE_COMPILATION_CONDITIONS = DEBUG;
				SWIFT_OPTIMIZATION_LEVEL = "-Onone";
			};
			name = Debug;
		};
		E1999A70237B6B9800B5B227 /* Release */ = {
			isa = XCBuildConfiguration;
			buildSettings = {
				ALWAYS_SEARCH_USER_PATHS = NO;
				CLANG_ANALYZER_NONNULL = YES;
				CLANG_ANALYZER_NUMBER_OBJECT_CONVERSION = YES_AGGRESSIVE;
				CLANG_CXX_LANGUAGE_STANDARD = "gnu++14";
				CLANG_CXX_LIBRARY = "libc++";
				CLANG_ENABLE_MODULES = YES;
				CLANG_ENABLE_OBJC_ARC = YES;
				CLANG_ENABLE_OBJC_WEAK = YES;
				CLANG_WARN_BLOCK_CAPTURE_AUTORELEASING = YES;
				CLANG_WARN_BOOL_CONVERSION = YES;
				CLANG_WARN_COMMA = YES;
				CLANG_WARN_CONSTANT_CONVERSION = YES;
				CLANG_WARN_DEPRECATED_OBJC_IMPLEMENTATIONS = YES;
				CLANG_WARN_DIRECT_OBJC_ISA_USAGE = YES_ERROR;
				CLANG_WARN_DOCUMENTATION_COMMENTS = YES;
				CLANG_WARN_EMPTY_BODY = YES;
				CLANG_WARN_ENUM_CONVERSION = YES;
				CLANG_WARN_INFINITE_RECURSION = YES;
				CLANG_WARN_INT_CONVERSION = YES;
				CLANG_WARN_NON_LITERAL_NULL_CONVERSION = YES;
				CLANG_WARN_OBJC_IMPLICIT_RETAIN_SELF = YES;
				CLANG_WARN_OBJC_LITERAL_CONVERSION = YES;
				CLANG_WARN_OBJC_ROOT_CLASS = YES_ERROR;
				CLANG_WARN_RANGE_LOOP_ANALYSIS = YES;
				CLANG_WARN_STRICT_PROTOTYPES = YES;
				CLANG_WARN_SUSPICIOUS_MOVE = YES;
				CLANG_WARN_UNGUARDED_AVAILABILITY = YES_AGGRESSIVE;
				CLANG_WARN_UNREACHABLE_CODE = YES;
				CLANG_WARN__DUPLICATE_METHOD_MATCH = YES;
				COPY_PHASE_STRIP = NO;
				DEBUG_INFORMATION_FORMAT = "dwarf-with-dsym";
				ENABLE_NS_ASSERTIONS = NO;
				ENABLE_STRICT_OBJC_MSGSEND = YES;
				GCC_C_LANGUAGE_STANDARD = gnu11;
				GCC_NO_COMMON_BLOCKS = YES;
				GCC_WARN_64_TO_32_BIT_CONVERSION = YES;
				GCC_WARN_ABOUT_RETURN_TYPE = YES_ERROR;
				GCC_WARN_UNDECLARED_SELECTOR = YES;
				GCC_WARN_UNINITIALIZED_AUTOS = YES_AGGRESSIVE;
				GCC_WARN_UNUSED_FUNCTION = YES;
				GCC_WARN_UNUSED_VARIABLE = YES;
				IPHONEOS_DEPLOYMENT_TARGET = 13.2;
				MTL_ENABLE_DEBUG_INFO = NO;
				MTL_FAST_MATH = YES;
				SDKROOT = iphoneos;
				SWIFT_COMPILATION_MODE = wholemodule;
				SWIFT_OPTIMIZATION_LEVEL = "-O";
				VALIDATE_PRODUCT = YES;
			};
			name = Release;
		};
		E1999A72237B6B9800B5B227 /* Debug */ = {
			isa = XCBuildConfiguration;
			buildSettings = {
				ASSETCATALOG_COMPILER_APPICON_NAME = AppIcon;
				CODE_SIGN_STYLE = Automatic;
				DEVELOPMENT_TEAM = XWVP4F494Z;
				INFOPLIST_FILE = "Project7 Whitehouse Petitions/Info.plist";
				LD_RUNPATH_SEARCH_PATHS = (
					"$(inherited)",
					"@executable_path/Frameworks",
				);
				PRODUCT_BUNDLE_IDENTIFIER = "dev.jasonpinlac.Project7-Whitehouse-Petitions";
				PRODUCT_NAME = "$(TARGET_NAME)";
				SWIFT_VERSION = 5.0;
				TARGETED_DEVICE_FAMILY = "1,2";
			};
			name = Debug;
		};
		E1999A73237B6B9800B5B227 /* Release */ = {
			isa = XCBuildConfiguration;
			buildSettings = {
				ASSETCATALOG_COMPILER_APPICON_NAME = AppIcon;
				CODE_SIGN_STYLE = Automatic;
				DEVELOPMENT_TEAM = XWVP4F494Z;
				INFOPLIST_FILE = "Project7 Whitehouse Petitions/Info.plist";
				LD_RUNPATH_SEARCH_PATHS = (
					"$(inherited)",
					"@executable_path/Frameworks",
				);
				PRODUCT_BUNDLE_IDENTIFIER = "dev.jasonpinlac.Project7-Whitehouse-Petitions";
				PRODUCT_NAME = "$(TARGET_NAME)";
				SWIFT_VERSION = 5.0;
				TARGETED_DEVICE_FAMILY = "1,2";
			};
			name = Release;
		};
/* End XCBuildConfiguration section */

/* Begin XCConfigurationList section */
		E1999A58237B6B9600B5B227 /* Build configuration list for PBXProject "Project7 Whitehouse Petitions" */ = {
			isa = XCConfigurationList;
			buildConfigurations = (
				E1999A6F237B6B9800B5B227 /* Debug */,
				E1999A70237B6B9800B5B227 /* Release */,
			);
			defaultConfigurationIsVisible = 0;
			defaultConfigurationName = Release;
		};
		E1999A71237B6B9800B5B227 /* Build configuration list for PBXNativeTarget "Project7 Whitehouse Petitions" */ = {
			isa = XCConfigurationList;
			buildConfigurations = (
				E1999A72237B6B9800B5B227 /* Debug */,
				E1999A73237B6B9800B5B227 /* Release */,
			);
			defaultConfigurationIsVisible = 0;
			defaultConfigurationName = Release;
		};
/* End XCConfigurationList section */
	};
	rootObject = E1999A55237B6B9600B5B227 /* Project object */;
}
