// !$*UTF8*$!
{
	archiveVersion = 1;
	classes = {
	};
	objectVersion = 50;
	objects = {

/* Begin PBXBuildFile section */
		E1552B3B23AF170B005A138F /* AppDelegate.swift in Sources */ = {isa = PBXBuildFile; fileRef = E1552B3A23AF170B005A138F /* AppDelegate.swift */; };
		E1552B3D23AF170B005A138F /* SceneDelegate.swift in Sources */ = {isa = PBXBuildFile; fileRef = E1552B3C23AF170B005A138F /* SceneDelegate.swift */; };
		E1552B3F23AF170B005A138F /* ViewController.swift in Sources */ = {isa = PBXBuildFile; fileRef = E1552B3E23AF170B005A138F /* ViewController.swift */; };
		E1552B4223AF170B005A138F /* Main.storyboard in Resources */ = {isa = PBXBuildFile; fileRef = E1552B4023AF170B005A138F /* Main.storyboard */; };
		E1552B4423AF170E005A138F /* Assets.xcassets in Resources */ = {isa = PBXBuildFile; fileRef = E1552B4323AF170E005A138F /* Assets.xcassets */; };
		E1552B4723AF170E005A138F /* LaunchScreen.storyboard in Resources */ = {isa = PBXBuildFile; fileRef = E1552B4523AF170E005A138F /* LaunchScreen.storyboard */; };
/* End PBXBuildFile section */

/* Begin PBXFileReference section */
		E1552B3723AF170B005A138F /* Milestone2 Shopping List.app */ = {isa = PBXFileReference; explicitFileType = wrapper.application; includeInIndex = 0; path = "Milestone2 Shopping List.app"; sourceTree = BUILT_PRODUCTS_DIR; };
		E1552B3A23AF170B005A138F /* AppDelegate.swift */ = {isa = PBXFileReference; lastKnownFileType = sourcecode.swift; path = AppDelegate.swift; sourceTree = "<group>"; };
		E1552B3C23AF170B005A138F /* SceneDelegate.swift */ = {isa = PBXFileReference; lastKnownFileType = sourcecode.swift; path = SceneDelegate.swift; sourceTree = "<group>"; };
		E1552B3E23AF170B005A138F /* ViewController.swift */ = {isa = PBXFileReference; lastKnownFileType = sourcecode.swift; path = ViewController.swift; sourceTree = "<group>"; };
		E1552B4123AF170B005A138F /* Base */ = {isa = PBXFileReference; lastKnownFileType = file.storyboard; name = Base; path = Base.lproj/Main.storyboard; sourceTree = "<group>"; };
		E1552B4323AF170E005A138F /* Assets.xcassets */ = {isa = PBXFileReference; lastKnownFileType = folder.assetcatalog; path = Assets.xcassets; sourceTree = "<group>"; };
		E1552B4623AF170E005A138F /* Base */ = {isa = PBXFileReference; lastKnownFileType = file.storyboard; name = Base; path = Base.lproj/LaunchScreen.storyboard; sourceTree = "<group>"; };
		E1552B4823AF170E005A138F /* Info.plist */ = {isa = PBXFileReference; lastKnownFileType = text.plist.xml; path = Info.plist; sourceTree = "<group>"; };
/* End PBXFileReference section */

/* Begin PBXFrameworksBuildPhase section */
		E1552B3423AF170B005A138F /* Frameworks */ = {
			isa = PBXFrameworksBuildPhase;
			buildActionMask = 2147483647;
			files = (
			);
			runOnlyForDeploymentPostprocessing = 0;
		};
/* End PBXFrameworksBuildPhase section */

/* Begin PBXGroup section */
		E1552B2E23AF170B005A138F = {
			isa = PBXGroup;
			children = (
				E1552B3923AF170B005A138F /* Milestone2 Shopping List */,
				E1552B3823AF170B005A138F /* Products */,
			);
			sourceTree = "<group>";
		};
		E1552B3823AF170B005A138F /* Products */ = {
			isa = PBXGroup;
			children = (
				E1552B3723AF170B005A138F /* Milestone2 Shopping List.app */,
			);
			name = Products;
			sourceTree = "<group>";
		};
		E1552B3923AF170B005A138F /* Milestone2 Shopping List */ = {
			isa = PBXGroup;
			children = (
				E1552B3A23AF170B005A138F /* AppDelegate.swift */,
				E1552B3C23AF170B005A138F /* SceneDelegate.swift */,
				E1552B3E23AF170B005A138F /* ViewController.swift */,
				E1552B4023AF170B005A138F /* Main.storyboard */,
				E1552B4323AF170E005A138F /* Assets.xcassets */,
				E1552B4523AF170E005A138F /* LaunchScreen.storyboard */,
				E1552B4823AF170E005A138F /* Info.plist */,
			);
			path = "Milestone2 Shopping List";
			sourceTree = "<group>";
		};
/* End PBXGroup section */

/* Begin PBXNativeTarget section */
		E1552B3623AF170B005A138F /* Milestone2 Shopping List */ = {
			isa = PBXNativeTarget;
			buildConfigurationList = E1552B4B23AF170E005A138F /* Build configuration list for PBXNativeTarget "Milestone2 Shopping List" */;
			buildPhases = (
				E1552B3323AF170B005A138F /* Sources */,
				E1552B3423AF170B005A138F /* Frameworks */,
				E1552B3523AF170B005A138F /* Resources */,
			);
			buildRules = (
			);
			dependencies = (
			);
			name = "Milestone2 Shopping List";
			productName = "Milestone2 Shopping List";
			productReference = E1552B3723AF170B005A138F /* Milestone2 Shopping List.app */;
			productType = "com.apple.product-type.application";
		};
/* End PBXNativeTarget section */

/* Begin PBXProject section */
		E1552B2F23AF170B005A138F /* Project object */ = {
			isa = PBXProject;
			attributes = {
				LastSwiftUpdateCheck = 1130;
				LastUpgradeCheck = 1130;
				ORGANIZATIONNAME = "Jason Pinlac";
				TargetAttributes = {
					E1552B3623AF170B005A138F = {
						CreatedOnToolsVersion = 11.3;
					};
				};
			};
			buildConfigurationList = E1552B3223AF170B005A138F /* Build configuration list for PBXProject "Milestone2 Shopping List" */;
			compatibilityVersion = "Xcode 9.3";
			developmentRegion = en;
			hasScannedForEncodings = 0;
			knownRegions = (
				en,
				Base,
			);
			mainGroup = E1552B2E23AF170B005A138F;
			productRefGroup = E1552B3823AF170B005A138F /* Products */;
			projectDirPath = "";
			projectRoot = "";
			targets = (
				E1552B3623AF170B005A138F /* Milestone2 Shopping List */,
			);
		};
/* End PBXProject section */

/* Begin PBXResourcesBuildPhase section */
		E1552B3523AF170B005A138F /* Resources */ = {
			isa = PBXResourcesBuildPhase;
			buildActionMask = 2147483647;
			files = (
				E1552B4723AF170E005A138F /* LaunchScreen.storyboard in Resources */,
				E1552B4423AF170E005A138F /* Assets.xcassets in Resources */,
				E1552B4223AF170B005A138F /* Main.storyboard in Resources */,
			);
			runOnlyForDeploymentPostprocessing = 0;
		};
/* End PBXResourcesBuildPhase section */

/* Begin PBXSourcesBuildPhase section */
		E1552B3323AF170B005A138F /* Sources */ = {
			isa = PBXSourcesBuildPhase;
			buildActionMask = 2147483647;
			files = (
				E1552B3F23AF170B005A138F /* ViewController.swift in Sources */,
				E1552B3B23AF170B005A138F /* AppDelegate.swift in Sources */,
				E1552B3D23AF170B005A138F /* SceneDelegate.swift in Sources */,
			);
			runOnlyForDeploymentPostprocessing = 0;
		};
/* End PBXSourcesBuildPhase section */

/* Begin PBXVariantGroup section */
		E1552B4023AF170B005A138F /* Main.storyboard */ = {
			isa = PBXVariantGroup;
			children = (
				E1552B4123AF170B005A138F /* Base */,
			);
			name = Main.storyboard;
			sourceTree = "<group>";
		};
		E1552B4523AF170E005A138F /* LaunchScreen.storyboard */ = {
			isa = PBXVariantGroup;
			children = (
				E1552B4623AF170E005A138F /* Base */,
			);
			name = LaunchScreen.storyboard;
			sourceTree = "<group>";
		};
/* End PBXVariantGroup section */

/* Begin XCBuildConfiguration section */
		E1552B4923AF170E005A138F /* Debug */ = {
			isa = XCBuildConfiguration;
			buildSettings = {
				ALWAYS_SEARCH_USER_PATHS = NO;
				CLANG_ANALYZER_NONNULL = YES;
				CLANG_ANALYZER_NUMBER_OBJECT_CONVERSION = YES_AGGRESSIVE;
				CLANG_CXX_LANGUAGE_STANDARD = "gnu++14";
				CLANG_CXX_LIBRARY = "libc++";
				CLANG_ENABLE_MODULES = YES;
				CLANG_ENABLE_OBJC_ARC = YES;
				CLANG_ENABLE_OBJC_WEAK = YES;
				CLANG_WARN_BLOCK_CAPTURE_AUTORELEASING = YES;
				CLANG_WARN_BOOL_CONVERSION = YES;
				CLANG_WARN_COMMA = YES;
				CLANG_WARN_CONSTANT_CONVERSION = YES;
				CLANG_WARN_DEPRECATED_OBJC_IMPLEMENTATIONS = YES;
				CLANG_WARN_DIRECT_OBJC_ISA_USAGE = YES_ERROR;
				CLANG_WARN_DOCUMENTATION_COMMENTS = YES;
				CLANG_WARN_EMPTY_BODY = YES;
				CLANG_WARN_ENUM_CONVERSION = YES;
				CLANG_WARN_INFINITE_RECURSION = YES;
				CLANG_WARN_INT_CONVERSION = YES;
				CLANG_WARN_NON_LITERAL_NULL_CONVERSION = YES;
				CLANG_WARN_OBJC_IMPLICIT_RETAIN_SELF = YES;
				CLANG_WARN_OBJC_LITERAL_CONVERSION = YES;
				CLANG_WARN_OBJC_ROOT_CLASS = YES_ERROR;
				CLANG_WARN_RANGE_LOOP_ANALYSIS = YES;
				CLANG_WARN_STRICT_PROTOTYPES = YES;
				CLANG_WARN_SUSPICIOUS_MOVE = YES;
				CLANG_WARN_UNGUARDED_AVAILABILITY = YES_AGGRESSIVE;
				CLANG_WARN_UNREACHABLE_CODE = YES;
				CLANG_WARN__DUPLICATE_METHOD_MATCH = YES;
				COPY_PHASE_STRIP = NO;
				DEBUG_INFORMATION_FORMAT = dwarf;
				ENABLE_STRICT_OBJC_MSGSEND = YES;
				ENABLE_TESTABILITY = YES;
				GCC_C_LANGUAGE_STANDARD = gnu11;
				GCC_DYNAMIC_NO_PIC = NO;
				GCC_NO_COMMON_BLOCKS = YES;
				GCC_OPTIMIZATION_LEVEL = 0;
				GCC_PREPROCESSOR_DEFINITIONS = (
					"DEBUG=1",
					"$(inherited)",
				);
				GCC_WARN_64_TO_32_BIT_CONVERSION = YES;
				GCC_WARN_ABOUT_RETURN_TYPE = YES_ERROR;
				GCC_WARN_UNDECLARED_SELECTOR = YES;
				GCC_WARN_UNINITIALIZED_AUTOS = YES_AGGRESSIVE;
				GCC_WARN_UNUSED_FUNCTION = YES;
				GCC_WARN_UNUSED_VARIABLE = YES;
				IPHONEOS_DEPLOYMENT_TARGET = 13.2;
				MTL_ENABLE_DEBUG_INFO = INCLUDE_SOURCE;
				MTL_FAST_MATH = YES;
				ONLY_ACTIVE_ARCH = YES;
				SDKROOT = iphoneos;
				SWIFT_ACTIVE_COMPILATION_CONDITIONS = DEBUG;
				SWIFT_OPTIMIZATION_LEVEL = "-Onone";
			};
			name = Debug;
		};
		E1552B4A23AF170E005A138F /* Release */ = {
			isa = XCBuildConfiguration;
			buildSettings = {
				ALWAYS_SEARCH_USER_PATHS = NO;
				CLANG_ANALYZER_NONNULL = YES;
				CLANG_ANALYZER_NUMBER_OBJECT_CONVERSION = YES_AGGRESSIVE;
				CLANG_CXX_LANGUAGE_STANDARD = "gnu++14";
				CLANG_CXX_LIBRARY = "libc++";
				CLANG_ENABLE_MODULES = YES;
				CLANG_ENABLE_OBJC_ARC = YES;
				CLANG_ENABLE_OBJC_WEAK = YES;
				CLANG_WARN_BLOCK_CAPTURE_AUTORELEASING = YES;
				CLANG_WARN_BOOL_CONVERSION = YES;
				CLANG_WARN_COMMA = YES;
				CLANG_WARN_CONSTANT_CONVERSION = YES;
				CLANG_WARN_DEPRECATED_OBJC_IMPLEMENTATIONS = YES;
				CLANG_WARN_DIRECT_OBJC_ISA_USAGE = YES_ERROR;
				CLANG_WARN_DOCUMENTATION_COMMENTS = YES;
				CLANG_WARN_EMPTY_BODY = YES;
				CLANG_WARN_ENUM_CONVERSION = YES;
				CLANG_WARN_INFINITE_RECURSION = YES;
				CLANG_WARN_INT_CONVERSION = YES;
				CLANG_WARN_NON_LITERAL_NULL_CONVERSION = YES;
				CLANG_WARN_OBJC_IMPLICIT_RETAIN_SELF = YES;
				CLANG_WARN_OBJC_LITERAL_CONVERSION = YES;
				CLANG_WARN_OBJC_ROOT_CLASS = YES_ERROR;
				CLANG_WARN_RANGE_LOOP_ANALYSIS = YES;
				CLANG_WARN_STRICT_PROTOTYPES = YES;
				CLANG_WARN_SUSPICIOUS_MOVE = YES;
				CLANG_WARN_UNGUARDED_AVAILABILITY = YES_AGGRESSIVE;
				CLANG_WARN_UNREACHABLE_CODE = YES;
				CLANG_WARN__DUPLICATE_METHOD_MATCH = YES;
				COPY_PHASE_STRIP = NO;
				DEBUG_INFORMATION_FORMAT = "dwarf-with-dsym";
				ENABLE_NS_ASSERTIONS = NO;
				ENABLE_STRICT_OBJC_MSGSEND = YES;
				GCC_C_LANGUAGE_STANDARD = gnu11;
				GCC_NO_COMMON_BLOCKS = YES;
				GCC_WARN_64_TO_32_BIT_CONVERSION = YES;
				GCC_WARN_ABOUT_RETURN_TYPE = YES_ERROR;
				GCC_WARN_UNDECLARED_SELECTOR = YES;
				GCC_WARN_UNINITIALIZED_AUTOS = YES_AGGRESSIVE;
				GCC_WARN_UNUSED_FUNCTION = YES;
				GCC_WARN_UNUSED_VARIABLE = YES;
				IPHONEOS_DEPLOYMENT_TARGET = 13.2;
				MTL_ENABLE_DEBUG_INFO = NO;
				MTL_FAST_MATH = YES;
				SDKROOT = iphoneos;
				SWIFT_COMPILATION_MODE = wholemodule;
				SWIFT_OPTIMIZATION_LEVEL = "-O";
				VALIDATE_PRODUCT = YES;
			};
			name = Release;
		};
		E1552B4C23AF170E005A138F /* Debug */ = {
			isa = XCBuildConfiguration;
			buildSettings = {
				ASSETCATALOG_COMPILER_APPICON_NAME = AppIcon;
				CODE_SIGN_STYLE = Automatic;
				DEVELOPMENT_TEAM = XWVP4F494Z;
				INFOPLIST_FILE = "Milestone2 Shopping List/Info.plist";
				LD_RUNPATH_SEARCH_PATHS = (
					"$(inherited)",
					"@executable_path/Frameworks",
				);
				PRODUCT_BUNDLE_IDENTIFIER = "dev.jasonpinlac.Milestone2-Shopping-List";
				PRODUCT_NAME = "$(TARGET_NAME)";
				SWIFT_VERSION = 5.0;
				TARGETED_DEVICE_FAMILY = 1;
			};
			name = Debug;
		};
		E1552B4D23AF170E005A138F /* Release */ = {
			isa = XCBuildConfiguration;
			buildSettings = {
				ASSETCATALOG_COMPILER_APPICON_NAME = AppIcon;
				CODE_SIGN_STYLE = Automatic;
				DEVELOPMENT_TEAM = XWVP4F494Z;
				INFOPLIST_FILE = "Milestone2 Shopping List/Info.plist";
				LD_RUNPATH_SEARCH_PATHS = (
					"$(inherited)",
					"@executable_path/Frameworks",
				);
				PRODUCT_BUNDLE_IDENTIFIER = "dev.jasonpinlac.Milestone2-Shopping-List";
				PRODUCT_NAME = "$(TARGET_NAME)";
				SWIFT_VERSION = 5.0;
				TARGETED_DEVICE_FAMILY = 1;
			};
			name = Release;
		};
/* End XCBuildConfiguration section */

/* Begin XCConfigurationList section */
		E1552B3223AF170B005A138F /* Build configuration list for PBXProject "Milestone2 Shopping List" */ = {
			isa = XCConfigurationList;
			buildConfigurations = (
				E1552B4923AF170E005A138F /* Debug */,
				E1552B4A23AF170E005A138F /* Release */,
			);
			defaultConfigurationIsVisible = 0;
			defaultConfigurationName = Release;
		};
		E1552B4B23AF170E005A138F /* Build configuration list for PBXNativeTarget "Milestone2 Shopping List" */ = {
			isa = XCConfigurationList;
			buildConfigurations = (
				E1552B4C23AF170E005A138F /* Debug */,
				E1552B4D23AF170E005A138F /* Release */,
			);
			defaultConfigurationIsVisible = 0;
			defaultConfigurationName = Release;
		};
/* End XCConfigurationList section */
	};
	rootObject = E1552B2F23AF170B005A138F /* Project object */;
}
