// !$*UTF8*$!
{
	archiveVersion = 1;
	classes = {
	};
	objectVersion = 50;
	objects = {

/* Begin PBXBuildFile section */
		E1642D33235CBDA90079261E /* AppDelegate.swift in Sources */ = {isa = PBXBuildFile; fileRef = E1642D32235CBDA90079261E /* AppDelegate.swift */; };
		E1642D35235CBDA90079261E /* SceneDelegate.swift in Sources */ = {isa = PBXBuildFile; fileRef = E1642D34235CBDA90079261E /* SceneDelegate.swift */; };
		E1642D37235CBDA90079261E /* ViewController.swift in Sources */ = {isa = PBXBuildFile; fileRef = E1642D36235CBDA90079261E /* ViewController.swift */; };
		E1642D3A235CBDA90079261E /* Main.storyboard in Resources */ = {isa = PBXBuildFile; fileRef = E1642D38235CBDA90079261E /* Main.storyboard */; };
		E1642D3C235CBDAD0079261E /* Assets.xcassets in Resources */ = {isa = PBXBuildFile; fileRef = E1642D3B235CBDAD0079261E /* Assets.xcassets */; };
		E1642D3F235CBDAD0079261E /* LaunchScreen.storyboard in Resources */ = {isa = PBXBuildFile; fileRef = E1642D3D235CBDAD0079261E /* LaunchScreen.storyboard */; };
		E1642D47235CC7E20079261E /* start.txt in Resources */ = {isa = PBXBuildFile; fileRef = E1642D46235CC7E20079261E /* start.txt */; };
/* End PBXBuildFile section */

/* Begin PBXFileReference section */
		E1642D2F235CBDA90079261E /* Project5 Word Scramble.app */ = {isa = PBXFileReference; explicitFileType = wrapper.application; includeInIndex = 0; path = "Project5 Word Scramble.app"; sourceTree = BUILT_PRODUCTS_DIR; };
		E1642D32235CBDA90079261E /* AppDelegate.swift */ = {isa = PBXFileReference; lastKnownFileType = sourcecode.swift; path = AppDelegate.swift; sourceTree = "<group>"; };
		E1642D34235CBDA90079261E /* SceneDelegate.swift */ = {isa = PBXFileReference; lastKnownFileType = sourcecode.swift; path = SceneDelegate.swift; sourceTree = "<group>"; };
		E1642D36235CBDA90079261E /* ViewController.swift */ = {isa = PBXFileReference; lastKnownFileType = sourcecode.swift; path = ViewController.swift; sourceTree = "<group>"; };
		E1642D39235CBDA90079261E /* Base */ = {isa = PBXFileReference; lastKnownFileType = file.storyboard; name = Base; path = Base.lproj/Main.storyboard; sourceTree = "<group>"; };
		E1642D3B235CBDAD0079261E /* Assets.xcassets */ = {isa = PBXFileReference; lastKnownFileType = folder.assetcatalog; path = Assets.xcassets; sourceTree = "<group>"; };
		E1642D3E235CBDAD0079261E /* Base */ = {isa = PBXFileReference; lastKnownFileType = file.storyboard; name = Base; path = Base.lproj/LaunchScreen.storyboard; sourceTree = "<group>"; };
		E1642D40235CBDAD0079261E /* Info.plist */ = {isa = PBXFileReference; lastKnownFileType = text.plist.xml; path = Info.plist; sourceTree = "<group>"; };
		E1642D46235CC7E20079261E /* start.txt */ = {isa = PBXFileReference; fileEncoding = 4; lastKnownFileType = text; path = start.txt; sourceTree = "<group>"; };
/* End PBXFileReference section */

/* Begin PBXFrameworksBuildPhase section */
		E1642D2C235CBDA90079261E /* Frameworks */ = {
			isa = PBXFrameworksBuildPhase;
			buildActionMask = 2147483647;
			files = (
			);
			runOnlyForDeploymentPostprocessing = 0;
		};
/* End PBXFrameworksBuildPhase section */

/* Begin PBXGroup section */
		E1642D26235CBDA90079261E = {
			isa = PBXGroup;
			children = (
				E1642D31235CBDA90079261E /* Project5 Word Scramble */,
				E1642D30235CBDA90079261E /* Products */,
			);
			sourceTree = "<group>";
		};
		E1642D30235CBDA90079261E /* Products */ = {
			isa = PBXGroup;
			children = (
				E1642D2F235CBDA90079261E /* Project5 Word Scramble.app */,
			);
			name = Products;
			sourceTree = "<group>";
		};
		E1642D31235CBDA90079261E /* Project5 Word Scramble */ = {
			isa = PBXGroup;
			children = (
				E1642D32235CBDA90079261E /* AppDelegate.swift */,
				E1642D34235CBDA90079261E /* SceneDelegate.swift */,
				E1642D36235CBDA90079261E /* ViewController.swift */,
				E1642D38235CBDA90079261E /* Main.storyboard */,
				E1642D3B235CBDAD0079261E /* Assets.xcassets */,
				E1642D3D235CBDAD0079261E /* LaunchScreen.storyboard */,
				E1642D40235CBDAD0079261E /* Info.plist */,
				E1642D46235CC7E20079261E /* start.txt */,
			);
			path = "Project5 Word Scramble";
			sourceTree = "<group>";
		};
/* End PBXGroup section */

/* Begin PBXNativeTarget section */
		E1642D2E235CBDA90079261E /* Project5 Word Scramble */ = {
			isa = PBXNativeTarget;
			buildConfigurationList = E1642D43235CBDAD0079261E /* Build configuration list for PBXNativeTarget "Project5 Word Scramble" */;
			buildPhases = (
				E1642D2B235CBDA90079261E /* Sources */,
				E1642D2C235CBDA90079261E /* Frameworks */,
				E1642D2D235CBDA90079261E /* Resources */,
			);
			buildRules = (
			);
			dependencies = (
			);
			name = "Project5 Word Scramble";
			productName = "Project5 Word Scramble";
			productReference = E1642D2F235CBDA90079261E /* Project5 Word Scramble.app */;
			productType = "com.apple.product-type.application";
		};
/* End PBXNativeTarget section */

/* Begin PBXProject section */
		E1642D27235CBDA90079261E /* Project object */ = {
			isa = PBXProject;
			attributes = {
				LastSwiftUpdateCheck = 1110;
				LastUpgradeCheck = 1110;
				ORGANIZATIONNAME = "Jason Pinlac";
				TargetAttributes = {
					E1642D2E235CBDA90079261E = {
						CreatedOnToolsVersion = 11.1;
					};
				};
			};
			buildConfigurationList = E1642D2A235CBDA90079261E /* Build configuration list for PBXProject "Project5 Word Scramble" */;
			compatibilityVersion = "Xcode 9.3";
			developmentRegion = en;
			hasScannedForEncodings = 0;
			knownRegions = (
				en,
				Base,
			);
			mainGroup = E1642D26235CBDA90079261E;
			productRefGroup = E1642D30235CBDA90079261E /* Products */;
			projectDirPath = "";
			projectRoot = "";
			targets = (
				E1642D2E235CBDA90079261E /* Project5 Word Scramble */,
			);
		};
/* End PBXProject section */

/* Begin PBXResourcesBuildPhase section */
		E1642D2D235CBDA90079261E /* Resources */ = {
			isa = PBXResourcesBuildPhase;
			buildActionMask = 2147483647;
			files = (
				E1642D3F235CBDAD0079261E /* LaunchScreen.storyboard in Resources */,
				E1642D47235CC7E20079261E /* start.txt in Resources */,
				E1642D3C235CBDAD0079261E /* Assets.xcassets in Resources */,
				E1642D3A235CBDA90079261E /* Main.storyboard in Resources */,
			);
			runOnlyForDeploymentPostprocessing = 0;
		};
/* End PBXResourcesBuildPhase section */

/* Begin PBXSourcesBuildPhase section */
		E1642D2B235CBDA90079261E /* Sources */ = {
			isa = PBXSourcesBuildPhase;
			buildActionMask = 2147483647;
			files = (
				E1642D37235CBDA90079261E /* ViewController.swift in Sources */,
				E1642D33235CBDA90079261E /* AppDelegate.swift in Sources */,
				E1642D35235CBDA90079261E /* SceneDelegate.swift in Sources */,
			);
			runOnlyForDeploymentPostprocessing = 0;
		};
/* End PBXSourcesBuildPhase section */

/* Begin PBXVariantGroup section */
		E1642D38235CBDA90079261E /* Main.storyboard */ = {
			isa = PBXVariantGroup;
			children = (
				E1642D39235CBDA90079261E /* Base */,
			);
			name = Main.storyboard;
			sourceTree = "<group>";
		};
		E1642D3D235CBDAD0079261E /* LaunchScreen.storyboard */ = {
			isa = PBXVariantGroup;
			children = (
				E1642D3E235CBDAD0079261E /* Base */,
			);
			name = LaunchScreen.storyboard;
			sourceTree = "<group>";
		};
/* End PBXVariantGroup section */

/* Begin XCBuildConfiguration section */
		E1642D41235CBDAD0079261E /* Debug */ = {
			isa = XCBuildConfiguration;
			buildSettings = {
				ALWAYS_SEARCH_USER_PATHS = NO;
				CLANG_ANALYZER_NONNULL = YES;
				CLANG_ANALYZER_NUMBER_OBJECT_CONVERSION = YES_AGGRESSIVE;
				CLANG_CXX_LANGUAGE_STANDARD = "gnu++14";
				CLANG_CXX_LIBRARY = "libc++";
				CLANG_ENABLE_MODULES = YES;
				CLANG_ENABLE_OBJC_ARC = YES;
				CLANG_ENABLE_OBJC_WEAK = YES;
				CLANG_WARN_BLOCK_CAPTURE_AUTORELEASING = YES;
				CLANG_WARN_BOOL_CONVERSION = YES;
				CLANG_WARN_COMMA = YES;
				CLANG_WARN_CONSTANT_CONVERSION = YES;
				CLANG_WARN_DEPRECATED_OBJC_IMPLEMENTATIONS = YES;
				CLANG_WARN_DIRECT_OBJC_ISA_USAGE = YES_ERROR;
				CLANG_WARN_DOCUMENTATION_COMMENTS = YES;
				CLANG_WARN_EMPTY_BODY = YES;
				CLANG_WARN_ENUM_CONVERSION = YES;
				CLANG_WARN_INFINITE_RECURSION = YES;
				CLANG_WARN_INT_CONVERSION = YES;
				CLANG_WARN_NON_LITERAL_NULL_CONVERSION = YES;
				CLANG_WARN_OBJC_IMPLICIT_RETAIN_SELF = YES;
				CLANG_WARN_OBJC_LITERAL_CONVERSION = YES;
				CLANG_WARN_OBJC_ROOT_CLASS = YES_ERROR;
				CLANG_WARN_RANGE_LOOP_ANALYSIS = YES;
				CLANG_WARN_STRICT_PROTOTYPES = YES;
				CLANG_WARN_SUSPICIOUS_MOVE = YES;
				CLANG_WARN_UNGUARDED_AVAILABILITY = YES_AGGRESSIVE;
				CLANG_WARN_UNREACHABLE_CODE = YES;
				CLANG_WARN__DUPLICATE_METHOD_MATCH = YES;
				COPY_PHASE_STRIP = NO;
				DEBUG_INFORMATION_FORMAT = dwarf;
				ENABLE_STRICT_OBJC_MSGSEND = YES;
				ENABLE_TESTABILITY = YES;
				GCC_C_LANGUAGE_STANDARD = gnu11;
				GCC_DYNAMIC_NO_PIC = NO;
				GCC_NO_COMMON_BLOCKS = YES;
				GCC_OPTIMIZATION_LEVEL = 0;
				GCC_PREPROCESSOR_DEFINITIONS = (
					"DEBUG=1",
					"$(inherited)",
				);
				GCC_WARN_64_TO_32_BIT_CONVERSION = YES;
				GCC_WARN_ABOUT_RETURN_TYPE = YES_ERROR;
				GCC_WARN_UNDECLARED_SELECTOR = YES;
				GCC_WARN_UNINITIALIZED_AUTOS = YES_AGGRESSIVE;
				GCC_WARN_UNUSED_FUNCTION = YES;
				GCC_WARN_UNUSED_VARIABLE = YES;
				IPHONEOS_DEPLOYMENT_TARGET = 13.1;
				MTL_ENABLE_DEBUG_INFO = INCLUDE_SOURCE;
				MTL_FAST_MATH = YES;
				ONLY_ACTIVE_ARCH = YES;
				SDKROOT = iphoneos;
				SWIFT_ACTIVE_COMPILATION_CONDITIONS = DEBUG;
				SWIFT_OPTIMIZATION_LEVEL = "-Onone";
			};
			name = Debug;
		};
		E1642D42235CBDAD0079261E /* Release */ = {
			isa = XCBuildConfiguration;
			buildSettings = {
				ALWAYS_SEARCH_USER_PATHS = NO;
				CLANG_ANALYZER_NONNULL = YES;
				CLANG_ANALYZER_NUMBER_OBJECT_CONVERSION = YES_AGGRESSIVE;
				CLANG_CXX_LANGUAGE_STANDARD = "gnu++14";
				CLANG_CXX_LIBRARY = "libc++";
				CLANG_ENABLE_MODULES = YES;
				CLANG_ENABLE_OBJC_ARC = YES;
				CLANG_ENABLE_OBJC_WEAK = YES;
				CLANG_WARN_BLOCK_CAPTURE_AUTORELEASING = YES;
				CLANG_WARN_BOOL_CONVERSION = YES;
				CLANG_WARN_COMMA = YES;
				CLANG_WARN_CONSTANT_CONVERSION = YES;
				CLANG_WARN_DEPRECATED_OBJC_IMPLEMENTATIONS = YES;
				CLANG_WARN_DIRECT_OBJC_ISA_USAGE = YES_ERROR;
				CLANG_WARN_DOCUMENTATION_COMMENTS = YES;
				CLANG_WARN_EMPTY_BODY = YES;
				CLANG_WARN_ENUM_CONVERSION = YES;
				CLANG_WARN_INFINITE_RECURSION = YES;
				CLANG_WARN_INT_CONVERSION = YES;
				CLANG_WARN_NON_LITERAL_NULL_CONVERSION = YES;
				CLANG_WARN_OBJC_IMPLICIT_RETAIN_SELF = YES;
				CLANG_WARN_OBJC_LITERAL_CONVERSION = YES;
				CLANG_WARN_OBJC_ROOT_CLASS = YES_ERROR;
				CLANG_WARN_RANGE_LOOP_ANALYSIS = YES;
				CLANG_WARN_STRICT_PROTOTYPES = YES;
				CLANG_WARN_SUSPICIOUS_MOVE = YES;
				CLANG_WARN_UNGUARDED_AVAILABILITY = YES_AGGRESSIVE;
				CLANG_WARN_UNREACHABLE_CODE = YES;
				CLANG_WARN__DUPLICATE_METHOD_MATCH = YES;
				COPY_PHASE_STRIP = NO;
				DEBUG_INFORMATION_FORMAT = "dwarf-with-dsym";
				ENABLE_NS_ASSERTIONS = NO;
				ENABLE_STRICT_OBJC_MSGSEND = YES;
				GCC_C_LANGUAGE_STANDARD = gnu11;
				GCC_NO_COMMON_BLOCKS = YES;
				GCC_WARN_64_TO_32_BIT_CONVERSION = YES;
				GCC_WARN_ABOUT_RETURN_TYPE = YES_ERROR;
				GCC_WARN_UNDECLARED_SELECTOR = YES;
				GCC_WARN_UNINITIALIZED_AUTOS = YES_AGGRESSIVE;
				GCC_WARN_UNUSED_FUNCTION = YES;
				GCC_WARN_UNUSED_VARIABLE = YES;
				IPHONEOS_DEPLOYMENT_TARGET = 13.1;
				MTL_ENABLE_DEBUG_INFO = NO;
				MTL_FAST_MATH = YES;
				SDKROOT = iphoneos;
				SWIFT_COMPILATION_MODE = wholemodule;
				SWIFT_OPTIMIZATION_LEVEL = "-O";
				VALIDATE_PRODUCT = YES;
			};
			name = Release;
		};
		E1642D44235CBDAD0079261E /* Debug */ = {
			isa = XCBuildConfiguration;
			buildSettings = {
				ASSETCATALOG_COMPILER_APPICON_NAME = AppIcon;
				CODE_SIGN_STYLE = Automatic;
				DEVELOPMENT_TEAM = XWVP4F494Z;
				INFOPLIST_FILE = "Project5 Word Scramble/Info.plist";
				LD_RUNPATH_SEARCH_PATHS = (
					"$(inherited)",
					"@executable_path/Frameworks",
				);
				PRODUCT_BUNDLE_IDENTIFIER = "dev.jasonpinlac.Project5-Word-Scramble";
				PRODUCT_NAME = "$(TARGET_NAME)";
				SWIFT_VERSION = 5.0;
				TARGETED_DEVICE_FAMILY = "1,2";
			};
			name = Debug;
		};
		E1642D45235CBDAD0079261E /* Release */ = {
			isa = XCBuildConfiguration;
			buildSettings = {
				ASSETCATALOG_COMPILER_APPICON_NAME = AppIcon;
				CODE_SIGN_STYLE = Automatic;
				DEVELOPMENT_TEAM = XWVP4F494Z;
				INFOPLIST_FILE = "Project5 Word Scramble/Info.plist";
				LD_RUNPATH_SEARCH_PATHS = (
					"$(inherited)",
					"@executable_path/Frameworks",
				);
				PRODUCT_BUNDLE_IDENTIFIER = "dev.jasonpinlac.Project5-Word-Scramble";
				PRODUCT_NAME = "$(TARGET_NAME)";
				SWIFT_VERSION = 5.0;
				TARGETED_DEVICE_FAMILY = "1,2";
			};
			name = Release;
		};
/* End XCBuildConfiguration section */

/* Begin XCConfigurationList section */
		E1642D2A235CBDA90079261E /* Build configuration list for PBXProject "Project5 Word Scramble" */ = {
			isa = XCConfigurationList;
			buildConfigurations = (
				E1642D41235CBDAD0079261E /* Debug */,
				E1642D42235CBDAD0079261E /* Release */,
			);
			defaultConfigurationIsVisible = 0;
			defaultConfigurationName = Release;
		};
		E1642D43235CBDAD0079261E /* Build configuration list for PBXNativeTarget "Project5 Word Scramble" */ = {
			isa = XCConfigurationList;
			buildConfigurations = (
				E1642D44235CBDAD0079261E /* Debug */,
				E1642D45235CBDAD0079261E /* Release */,
			);
			defaultConfigurationIsVisible = 0;
			defaultConfigurationName = Release;
		};
/* End XCConfigurationList section */
	};
	rootObject = E1642D27235CBDA90079261E /* Project object */;
}
